
Microsoft Visual Studio Solution File, Format Version 12.00
# Visual Studio Version 17
VisualStudioVersion = 17.13.36105.23 d17.13
MinimumVisualStudioVersion = 10.0.40219.1
Project("{FAE04EC0-301F-11D3-BF4B-00C04F79EFBC}") = "TechTweetAPI", "TechTweetAPI\TechTweetAPI.csproj", "{9FD59144-1520-4971-8BFD-26A2C20641C1}"
EndProject
Global
	GlobalSection(SolutionConfigurationPlatforms) = preSolution
		Debug|Any CPU = Debug|Any CPU
		Release|Any CPU = Release|Any CPU
	EndGlobalSection
	GlobalSection(ProjectConfigurationPlatforms) = postSolution
		{9FD59144-1520-4971-8BFD-26A2C20641C1}.Debug|Any CPU.ActiveCfg = Debug|Any CPU
		{9FD59144-1520-4971-8BFD-26A2C20641C1}.Debug|Any CPU.Build.0 = Debug|Any CPU
		{9FD59144-1520-4971-8BFD-26A2C20641C1}.Release|Any CPU.ActiveCfg = Release|Any CPU
		{9FD59144-1520-4971-8BFD-26A2C20641C1}.Release|Any CPU.Build.0 = Release|Any CPU
	EndGlobalSection
	GlobalSection(SolutionProperties) = preSolution
		HideSolutionNode = FALSE
	EndGlobalSection
	GlobalSection(ExtensibilityGlobals) = postSolution
		SolutionGuid = {B325AD1C-53DA-4BA2-B5D3-87CA4F573097}
	EndGlobalSection
EndGlobal
